
Microsoft Visual Studio Solution File, Format Version 12.00
# Visual Studio Version 16
VisualStudioVersion = 16.0.30011.22
MinimumVisualStudioVersion = 10.0.40219.1
Project("{9A19103F-16F7-4668-BE54-9A1E7A4F7556}") = "QuoteMan-b0.1.WebUI", "QuoteMan-b0.1.WebUI\QuoteMan-b0.1.WebUI.csproj", "{8244B330-D14D-4B7B-818D-70567450690C}"
EndProject
Project("{9A19103F-16F7-4668-BE54-9A1E7A4F7556}") = "QuoteMan-b0.1.Core", "QuoteMan-b0.1.Core\QuoteMan-b0.1.Core.csproj", "{D89B6680-126A-4220-9D98-A1F7EC15ABEA}"
EndProject
Project("{9A19103F-16F7-4668-BE54-9A1E7A4F7556}") = "QuoteMan-b0.1.Data", "QuoteMan-b0.1.Data\QuoteMan-b0.1.Data.csproj", "{CFC56CB4-2B93-44B7-8BF8-6FC64B5FDBB4}"
EndProject
Global
	GlobalSection(SolutionConfigurationPlatforms) = preSolution
		Debug|Any CPU = Debug|Any CPU
		Release|Any CPU = Release|Any CPU
	EndGlobalSection
	GlobalSection(ProjectConfigurationPlatforms) = postSolution
		{8244B330-D14D-4B7B-818D-70567450690C}.Debug|Any CPU.ActiveCfg = Debug|Any CPU
		{8244B330-D14D-4B7B-818D-70567450690C}.Debug|Any CPU.Build.0 = Debug|Any CPU
		{8244B330-D14D-4B7B-818D-70567450690C}.Release|Any CPU.ActiveCfg = Release|Any CPU
		{8244B330-D14D-4B7B-818D-70567450690C}.Release|Any CPU.Build.0 = Release|Any CPU
		{D89B6680-126A-4220-9D98-A1F7EC15ABEA}.Debug|Any CPU.ActiveCfg = Debug|Any CPU
		{D89B6680-126A-4220-9D98-A1F7EC15ABEA}.Debug|Any CPU.Build.0 = Debug|Any CPU
		{D89B6680-126A-4220-9D98-A1F7EC15ABEA}.Release|Any CPU.ActiveCfg = Release|Any CPU
		{D89B6680-126A-4220-9D98-A1F7EC15ABEA}.Release|Any CPU.Build.0 = Release|Any CPU
		{CFC56CB4-2B93-44B7-8BF8-6FC64B5FDBB4}.Debug|Any CPU.ActiveCfg = Debug|Any CPU
		{CFC56CB4-2B93-44B7-8BF8-6FC64B5FDBB4}.Debug|Any CPU.Build.0 = Debug|Any CPU
		{CFC56CB4-2B93-44B7-8BF8-6FC64B5FDBB4}.Release|Any CPU.ActiveCfg = Release|Any CPU
		{CFC56CB4-2B93-44B7-8BF8-6FC64B5FDBB4}.Release|Any CPU.Build.0 = Release|Any CPU
	EndGlobalSection
	GlobalSection(SolutionProperties) = preSolution
		HideSolutionNode = FALSE
	EndGlobalSection
	GlobalSection(ExtensibilityGlobals) = postSolution
		SolutionGuid = {5B06E1CE-D1D2-4488-A2F6-8289BB65CF55}
	EndGlobalSection
EndGlobal
